// !$*UTF8*$!
{
	archiveVersion = 1;
	classes = {
	};
	objectVersion = 46;
	objects = {

/* Begin PBXBuildFile section */
		0E316C4A1EA5C7DC0030D8DE /* AppDelegate.swift in Sources */ = {isa = PBXBuildFile; fileRef = 0E316C491EA5C7DC0030D8DE /* AppDelegate.swift */; };
		0E316C4F1EA5C7DC0030D8DE /* Main.storyboard in Resources */ = {isa = PBXBuildFile; fileRef = 0E316C4D1EA5C7DC0030D8DE /* Main.storyboard */; };
		0E316C511EA5C7DC0030D8DE /* Assets.xcassets in Resources */ = {isa = PBXBuildFile; fileRef = 0E316C501EA5C7DC0030D8DE /* Assets.xcassets */; };
		0E316C541EA5C7DC0030D8DE /* LaunchScreen.storyboard in Resources */ = {isa = PBXBuildFile; fileRef = 0E316C521EA5C7DC0030D8DE /* LaunchScreen.storyboard */; };
		0E3442F41EBDAE040002E073 /* Trophy.swift in Sources */ = {isa = PBXBuildFile; fileRef = 0E3442F31EBDAE040002E073 /* Trophy.swift */; };
		0EBC89541EB14BDF00B443A1 /* User.swift in Sources */ = {isa = PBXBuildFile; fileRef = 0EBC89531EB14BDF00B443A1 /* User.swift */; };
		0EBC89561EB14CC500B443A1 /* Event.swift in Sources */ = {isa = PBXBuildFile; fileRef = 0EBC89551EB14CC500B443A1 /* Event.swift */; };
		0EBC89591EB14F6000B443A1 /* Constants.swift in Sources */ = {isa = PBXBuildFile; fileRef = 0EBC89581EB14F6000B443A1 /* Constants.swift */; };
		0EDFD2CB1EBED4E7006FC677 /* art.scnassets in Resources */ = {isa = PBXBuildFile; fileRef = 0EDFD2CA1EBED4E7006FC677 /* art.scnassets */; };
		1363A75B1EC798DA00B7E35C /* HostViewController.swift in Sources */ = {isa = PBXBuildFile; fileRef = 1363A75A1EC798DA00B7E35C /* HostViewController.swift */; };
		1363A75D1EC798EF00B7E35C /* NavigationMenuViewController.swift in Sources */ = {isa = PBXBuildFile; fileRef = 1363A75C1EC798EF00B7E35C /* NavigationMenuViewController.swift */; };
		138F9F961EBFF7F7002DD4E6 /* MenuCell.swift in Sources */ = {isa = PBXBuildFile; fileRef = 138F9F951EBFF7F7002DD4E6 /* MenuCell.swift */; };
		138F9F981EBFFEB2002DD4E6 /* ScoreboardViewController.swift in Sources */ = {isa = PBXBuildFile; fileRef = 138F9F971EBFFEB2002DD4E6 /* ScoreboardViewController.swift */; };
		138F9F9A1EBFFF8C002DD4E6 /* User1Cell.swift in Sources */ = {isa = PBXBuildFile; fileRef = 138F9F991EBFFF8C002DD4E6 /* User1Cell.swift */; };
		139AA3D91EB44ACB009A42E5 /* EventCell.swift in Sources */ = {isa = PBXBuildFile; fileRef = 139AA3D81EB44ACB009A42E5 /* EventCell.swift */; };
		139AA3DB1EB473CA009A42E5 /* EventDetailHeader.xib in Resources */ = {isa = PBXBuildFile; fileRef = 139AA3DA1EB473CA009A42E5 /* EventDetailHeader.xib */; };
		139AA3DD1EB47446009A42E5 /* EventDetailHeader.swift in Sources */ = {isa = PBXBuildFile; fileRef = 139AA3DC1EB47446009A42E5 /* EventDetailHeader.swift */; };
		139AA3E71EB47EA4009A42E5 /* UserCell.swift in Sources */ = {isa = PBXBuildFile; fileRef = 139AA3E61EB47EA4009A42E5 /* UserCell.swift */; };
		139AA3E91EB483AA009A42E5 /* UserProfileViewController.swift in Sources */ = {isa = PBXBuildFile; fileRef = 139AA3E81EB483AA009A42E5 /* UserProfileViewController.swift */; };
		13A182E91EC1B19700BFBF4C /* RankTable.swift in Sources */ = {isa = PBXBuildFile; fileRef = 13A182E81EC1B19700BFBF4C /* RankTable.swift */; };
		51607D581EB2891A005D0909 /* LoginViewController.swift in Sources */ = {isa = PBXBuildFile; fileRef = 51607D571EB2891A005D0909 /* LoginViewController.swift */; };
		51607DC91EBE7D76005D0909 /* TrophiesMapViewController.swift in Sources */ = {isa = PBXBuildFile; fileRef = 51607DC81EBE7D76005D0909 /* TrophiesMapViewController.swift */; };
		51607DCC1EBE9402005D0909 /* CameraViewController.swift in Sources */ = {isa = PBXBuildFile; fileRef = 51607DCB1EBE9401005D0909 /* CameraViewController.swift */; };
		51607DCE1EBE997E005D0909 /* TrophyUnlockedViewController.swift in Sources */ = {isa = PBXBuildFile; fileRef = 51607DCD1EBE997E005D0909 /* TrophyUnlockedViewController.swift */; };
		51607DD01EBECF07005D0909 /* MapAnnotation.swift in Sources */ = {isa = PBXBuildFile; fileRef = 51607DCF1EBECF07005D0909 /* MapAnnotation.swift */; };
		518037A21EC449C9003FB9A0 /* UserTrophiesViewController.swift in Sources */ = {isa = PBXBuildFile; fileRef = 518037A11EC449C9003FB9A0 /* UserTrophiesViewController.swift */; };
		518037A41EC44D55003FB9A0 /* TrophyCollectionViewCell.swift in Sources */ = {isa = PBXBuildFile; fileRef = 518037A31EC44D55003FB9A0 /* TrophyCollectionViewCell.swift */; };
		6E851C6A6A648ABF975AD2E9 /* Pods_SocialTravellers.framework in Frameworks */ = {isa = PBXBuildFile; fileRef = A6C0E91E9118084A66946CD8 /* Pods_SocialTravellers.framework */; };
/* End PBXBuildFile section */

/* Begin PBXFileReference section */
		0E316C461EA5C7DC0030D8DE /* SocialTravellers.app */ = {isa = PBXFileReference; explicitFileType = wrapper.application; includeInIndex = 0; path = SocialTravellers.app; sourceTree = BUILT_PRODUCTS_DIR; };
		0E316C491EA5C7DC0030D8DE /* AppDelegate.swift */ = {isa = PBXFileReference; lastKnownFileType = sourcecode.swift; path = AppDelegate.swift; sourceTree = "<group>"; };
		0E316C4E1EA5C7DC0030D8DE /* Base */ = {isa = PBXFileReference; lastKnownFileType = file.storyboard; name = Base; path = Base.lproj/Main.storyboard; sourceTree = "<group>"; };
		0E316C501EA5C7DC0030D8DE /* Assets.xcassets */ = {isa = PBXFileReference; lastKnownFileType = folder.assetcatalog; path = Assets.xcassets; sourceTree = "<group>"; };
		0E316C531EA5C7DC0030D8DE /* Base */ = {isa = PBXFileReference; lastKnownFileType = file.storyboard; name = Base; path = Base.lproj/LaunchScreen.storyboard; sourceTree = "<group>"; };
		0E316C551EA5C7DC0030D8DE /* Info.plist */ = {isa = PBXFileReference; lastKnownFileType = text.plist.xml; path = Info.plist; sourceTree = "<group>"; };
		0E3442F31EBDAE040002E073 /* Trophy.swift */ = {isa = PBXFileReference; fileEncoding = 4; lastKnownFileType = sourcecode.swift; path = Trophy.swift; sourceTree = "<group>"; };
		0EBC89531EB14BDF00B443A1 /* User.swift */ = {isa = PBXFileReference; fileEncoding = 4; lastKnownFileType = sourcecode.swift; path = User.swift; sourceTree = "<group>"; };
		0EBC89551EB14CC500B443A1 /* Event.swift */ = {isa = PBXFileReference; fileEncoding = 4; lastKnownFileType = sourcecode.swift; path = Event.swift; sourceTree = "<group>"; };
		0EBC89581EB14F6000B443A1 /* Constants.swift */ = {isa = PBXFileReference; fileEncoding = 4; lastKnownFileType = sourcecode.swift; path = Constants.swift; sourceTree = "<group>"; };
		0EDFD2CA1EBED4E7006FC677 /* art.scnassets */ = {isa = PBXFileReference; lastKnownFileType = wrapper.scnassets; path = art.scnassets; sourceTree = "<group>"; };
		1363A75A1EC798DA00B7E35C /* HostViewController.swift */ = {isa = PBXFileReference; fileEncoding = 4; lastKnownFileType = sourcecode.swift; path = HostViewController.swift; sourceTree = "<group>"; };
		1363A75C1EC798EF00B7E35C /* NavigationMenuViewController.swift */ = {isa = PBXFileReference; fileEncoding = 4; lastKnownFileType = sourcecode.swift; path = NavigationMenuViewController.swift; sourceTree = "<group>"; };
		138F9F951EBFF7F7002DD4E6 /* MenuCell.swift */ = {isa = PBXFileReference; fileEncoding = 4; lastKnownFileType = sourcecode.swift; path = MenuCell.swift; sourceTree = "<group>"; };
		138F9F971EBFFEB2002DD4E6 /* ScoreboardViewController.swift */ = {isa = PBXFileReference; fileEncoding = 4; lastKnownFileType = sourcecode.swift; path = ScoreboardViewController.swift; sourceTree = "<group>"; };
		138F9F991EBFFF8C002DD4E6 /* User1Cell.swift */ = {isa = PBXFileReference; fileEncoding = 4; lastKnownFileType = sourcecode.swift; path = User1Cell.swift; sourceTree = "<group>"; };
		139AA3D81EB44ACB009A42E5 /* EventCell.swift */ = {isa = PBXFileReference; fileEncoding = 4; lastKnownFileType = sourcecode.swift; path = EventCell.swift; sourceTree = "<group>"; };
		139AA3DA1EB473CA009A42E5 /* EventDetailHeader.xib */ = {isa = PBXFileReference; fileEncoding = 4; lastKnownFileType = file.xib; path = EventDetailHeader.xib; sourceTree = "<group>"; };
		139AA3DC1EB47446009A42E5 /* EventDetailHeader.swift */ = {isa = PBXFileReference; fileEncoding = 4; lastKnownFileType = sourcecode.swift; path = EventDetailHeader.swift; sourceTree = "<group>"; };
		139AA3E61EB47EA4009A42E5 /* UserCell.swift */ = {isa = PBXFileReference; fileEncoding = 4; lastKnownFileType = sourcecode.swift; path = UserCell.swift; sourceTree = "<group>"; };
		139AA3E81EB483AA009A42E5 /* UserProfileViewController.swift */ = {isa = PBXFileReference; fileEncoding = 4; lastKnownFileType = sourcecode.swift; path = UserProfileViewController.swift; sourceTree = "<group>"; };
		13A182E81EC1B19700BFBF4C /* RankTable.swift */ = {isa = PBXFileReference; fileEncoding = 4; lastKnownFileType = sourcecode.swift; path = RankTable.swift; sourceTree = "<group>"; };
		277846345235161371D062B2 /* Pods-SocialTravellers.debug.xcconfig */ = {isa = PBXFileReference; includeInIndex = 1; lastKnownFileType = text.xcconfig; name = "Pods-SocialTravellers.debug.xcconfig"; path = "Pods/Target Support Files/Pods-SocialTravellers/Pods-SocialTravellers.debug.xcconfig"; sourceTree = "<group>"; };
		51607D571EB2891A005D0909 /* LoginViewController.swift */ = {isa = PBXFileReference; fileEncoding = 4; lastKnownFileType = sourcecode.swift; path = LoginViewController.swift; sourceTree = "<group>"; };
		51607DC81EBE7D76005D0909 /* TrophiesMapViewController.swift */ = {isa = PBXFileReference; fileEncoding = 4; lastKnownFileType = sourcecode.swift; path = TrophiesMapViewController.swift; sourceTree = "<group>"; };
		51607DCB1EBE9401005D0909 /* CameraViewController.swift */ = {isa = PBXFileReference; fileEncoding = 4; lastKnownFileType = sourcecode.swift; path = CameraViewController.swift; sourceTree = "<group>"; };
		51607DCD1EBE997E005D0909 /* TrophyUnlockedViewController.swift */ = {isa = PBXFileReference; fileEncoding = 4; lastKnownFileType = sourcecode.swift; path = TrophyUnlockedViewController.swift; sourceTree = "<group>"; };
		51607DCF1EBECF07005D0909 /* MapAnnotation.swift */ = {isa = PBXFileReference; fileEncoding = 4; lastKnownFileType = sourcecode.swift; path = MapAnnotation.swift; sourceTree = "<group>"; };
		518037A11EC449C9003FB9A0 /* UserTrophiesViewController.swift */ = {isa = PBXFileReference; fileEncoding = 4; lastKnownFileType = sourcecode.swift; path = UserTrophiesViewController.swift; sourceTree = "<group>"; };
		518037A31EC44D55003FB9A0 /* TrophyCollectionViewCell.swift */ = {isa = PBXFileReference; fileEncoding = 4; lastKnownFileType = sourcecode.swift; path = TrophyCollectionViewCell.swift; sourceTree = "<group>"; };
		8833248D5C159AF5E8542791 /* Pods-SocialTravellers.release.xcconfig */ = {isa = PBXFileReference; includeInIndex = 1; lastKnownFileType = text.xcconfig; name = "Pods-SocialTravellers.release.xcconfig"; path = "Pods/Target Support Files/Pods-SocialTravellers/Pods-SocialTravellers.release.xcconfig"; sourceTree = "<group>"; };
		A6C0E91E9118084A66946CD8 /* Pods_SocialTravellers.framework */ = {isa = PBXFileReference; explicitFileType = wrapper.framework; includeInIndex = 0; path = Pods_SocialTravellers.framework; sourceTree = BUILT_PRODUCTS_DIR; };
/* End PBXFileReference section */

/* Begin PBXFrameworksBuildPhase section */
		0E316C431EA5C7DC0030D8DE /* Frameworks */ = {
			isa = PBXFrameworksBuildPhase;
			buildActionMask = 2147483647;
			files = (
				6E851C6A6A648ABF975AD2E9 /* Pods_SocialTravellers.framework in Frameworks */,
			);
			runOnlyForDeploymentPostprocessing = 0;
		};
/* End PBXFrameworksBuildPhase section */

/* Begin PBXGroup section */
		0E316C3D1EA5C7DC0030D8DE = {
			isa = PBXGroup;
			children = (
				0E316C481EA5C7DC0030D8DE /* SocialTravellers */,
				0E316C471EA5C7DC0030D8DE /* Products */,
				B3798745E8D2DEA2173112C0 /* Pods */,
				3FA4DA985BEBD61950E21697 /* Frameworks */,
			);
			sourceTree = "<group>";
		};
		0E316C471EA5C7DC0030D8DE /* Products */ = {
			isa = PBXGroup;
			children = (
				0E316C461EA5C7DC0030D8DE /* SocialTravellers.app */,
			);
			name = Products;
			sourceTree = "<group>";
		};
		0E316C481EA5C7DC0030D8DE /* SocialTravellers */ = {
			isa = PBXGroup;
			children = (
				0EBC89511EB14BB500B443A1 /* API */,
				0EBC89571EB14F3D00B443A1 /* Helper Files */,
				0EBC89521EB14BC200B443A1 /* Models */,
				139AA3DF1EB47480009A42E5 /* Views */,
				51607DCA1EBE936D005D0909 /* Deprecated Files */,
				139AA3DE1EB4745D009A42E5 /* ViewControllers */,
				0E316C4D1EA5C7DC0030D8DE /* Main.storyboard */,
				0E316C491EA5C7DC0030D8DE /* AppDelegate.swift */,
				0E316C501EA5C7DC0030D8DE /* Assets.xcassets */,
				0E316C521EA5C7DC0030D8DE /* LaunchScreen.storyboard */,
				0E316C551EA5C7DC0030D8DE /* Info.plist */,
				0EDFD2CA1EBED4E7006FC677 /* art.scnassets */,
			);
			path = SocialTravellers;
			sourceTree = "<group>";
		};
		0EBC89511EB14BB500B443A1 /* API */ = {
			isa = PBXGroup;
			children = (
			);
			name = API;
			sourceTree = "<group>";
		};
		0EBC89521EB14BC200B443A1 /* Models */ = {
			isa = PBXGroup;
			children = (
				0EBC89531EB14BDF00B443A1 /* User.swift */,
				0EBC89551EB14CC500B443A1 /* Event.swift */,
				0E3442F31EBDAE040002E073 /* Trophy.swift */,
				51607DCF1EBECF07005D0909 /* MapAnnotation.swift */,
			);
			name = Models;
			sourceTree = "<group>";
		};
		0EBC89571EB14F3D00B443A1 /* Helper Files */ = {
			isa = PBXGroup;
			children = (
				0EBC89581EB14F6000B443A1 /* Constants.swift */,
				13A182E81EC1B19700BFBF4C /* RankTable.swift */,
			);
			name = "Helper Files";
			sourceTree = "<group>";
		};
		139AA3DE1EB4745D009A42E5 /* ViewControllers */ = {
			isa = PBXGroup;
			children = (
				139AA3E81EB483AA009A42E5 /* UserProfileViewController.swift */,
				51607D571EB2891A005D0909 /* LoginViewController.swift */,
				51607DC81EBE7D76005D0909 /* TrophiesMapViewController.swift */,
				51607DCB1EBE9401005D0909 /* CameraViewController.swift */,
				51607DCD1EBE997E005D0909 /* TrophyUnlockedViewController.swift */,
				138F9F971EBFFEB2002DD4E6 /* ScoreboardViewController.swift */,
				518037A11EC449C9003FB9A0 /* UserTrophiesViewController.swift */,
				1363A75A1EC798DA00B7E35C /* HostViewController.swift */,
				1363A75C1EC798EF00B7E35C /* NavigationMenuViewController.swift */,
			);
			name = ViewControllers;
			sourceTree = "<group>";
		};
		139AA3DF1EB47480009A42E5 /* Views */ = {
			isa = PBXGroup;
			children = (
				139AA3DA1EB473CA009A42E5 /* EventDetailHeader.xib */,
				139AA3DC1EB47446009A42E5 /* EventDetailHeader.swift */,
				139AA3D81EB44ACB009A42E5 /* EventCell.swift */,
				139AA3E61EB47EA4009A42E5 /* UserCell.swift */,
				138F9F991EBFFF8C002DD4E6 /* User1Cell.swift */,
				138F9F951EBFF7F7002DD4E6 /* MenuCell.swift */,
				518037A31EC44D55003FB9A0 /* TrophyCollectionViewCell.swift */,
			);
			name = Views;
			sourceTree = "<group>";
		};
		3FA4DA985BEBD61950E21697 /* Frameworks */ = {
			isa = PBXGroup;
			children = (
				A6C0E91E9118084A66946CD8 /* Pods_SocialTravellers.framework */,
			);
			name = Frameworks;
			sourceTree = "<group>";
		};
		51607DCA1EBE936D005D0909 /* Deprecated Files */ = {
			isa = PBXGroup;
			children = (
			);
			name = "Deprecated Files";
			sourceTree = "<group>";
		};
		B3798745E8D2DEA2173112C0 /* Pods */ = {
			isa = PBXGroup;
			children = (
				277846345235161371D062B2 /* Pods-SocialTravellers.debug.xcconfig */,
				8833248D5C159AF5E8542791 /* Pods-SocialTravellers.release.xcconfig */,
			);
			name = Pods;
			sourceTree = "<group>";
		};
/* End PBXGroup section */

/* Begin PBXNativeTarget section */
		0E316C451EA5C7DC0030D8DE /* SocialTravellers */ = {
			isa = PBXNativeTarget;
			buildConfigurationList = 0E316C581EA5C7DC0030D8DE /* Build configuration list for PBXNativeTarget "SocialTravellers" */;
			buildPhases = (
				0A07963899D98A031C4B1838 /* [CP] Check Pods Manifest.lock */,
				0E316C421EA5C7DC0030D8DE /* Sources */,
				0E316C431EA5C7DC0030D8DE /* Frameworks */,
				0E316C441EA5C7DC0030D8DE /* Resources */,
				24460D24146D1B9B893469AF /* [CP] Embed Pods Frameworks */,
				589DCD17186BD92A79036AE4 /* [CP] Copy Pods Resources */,
			);
			buildRules = (
			);
			dependencies = (
			);
			name = SocialTravellers;
			productName = SocialTravellers;
			productReference = 0E316C461EA5C7DC0030D8DE /* SocialTravellers.app */;
			productType = "com.apple.product-type.application";
		};
/* End PBXNativeTarget section */

/* Begin PBXProject section */
		0E316C3E1EA5C7DC0030D8DE /* Project object */ = {
			isa = PBXProject;
			attributes = {
				LastSwiftUpdateCheck = 0830;
				LastUpgradeCheck = 0830;
				ORGANIZATIONNAME = SocialTravellers;
				TargetAttributes = {
					0E316C451EA5C7DC0030D8DE = {
						CreatedOnToolsVersion = 8.3;
						DevelopmentTeam = 7QBT6FUF69;
						DevelopmentTeam = S2LHGGTQ8D;
						ProvisioningStyle = Automatic;
					};
				};
			};
			buildConfigurationList = 0E316C411EA5C7DC0030D8DE /* Build configuration list for PBXProject "SocialTravellers" */;
			compatibilityVersion = "Xcode 3.2";
			developmentRegion = English;
			hasScannedForEncodings = 0;
			knownRegions = (
				en,
				Base,
			);
			mainGroup = 0E316C3D1EA5C7DC0030D8DE;
			productRefGroup = 0E316C471EA5C7DC0030D8DE /* Products */;
			projectDirPath = "";
			projectRoot = "";
			targets = (
				0E316C451EA5C7DC0030D8DE /* SocialTravellers */,
			);
		};
/* End PBXProject section */

/* Begin PBXResourcesBuildPhase section */
		0E316C441EA5C7DC0030D8DE /* Resources */ = {
			isa = PBXResourcesBuildPhase;
			buildActionMask = 2147483647;
			files = (
				139AA3DB1EB473CA009A42E5 /* EventDetailHeader.xib in Resources */,
				0E316C541EA5C7DC0030D8DE /* LaunchScreen.storyboard in Resources */,
				0EDFD2CB1EBED4E7006FC677 /* art.scnassets in Resources */,
				0E316C511EA5C7DC0030D8DE /* Assets.xcassets in Resources */,
				0E316C4F1EA5C7DC0030D8DE /* Main.storyboard in Resources */,
			);
			runOnlyForDeploymentPostprocessing = 0;
		};
/* End PBXResourcesBuildPhase section */

/* Begin PBXShellScriptBuildPhase section */
		0A07963899D98A031C4B1838 /* [CP] Check Pods Manifest.lock */ = {
			isa = PBXShellScriptBuildPhase;
			buildActionMask = 2147483647;
			files = (
			);
			inputPaths = (
			);
			name = "[CP] Check Pods Manifest.lock";
			outputPaths = (
			);
			runOnlyForDeploymentPostprocessing = 0;
			shellPath = /bin/sh;
			shellScript = "diff \"${PODS_ROOT}/../Podfile.lock\" \"${PODS_ROOT}/Manifest.lock\" > /dev/null\nif [ $? != 0 ] ; then\n    # print error to STDERR\n    echo \"error: The sandbox is not in sync with the Podfile.lock. Run 'pod install' or update your CocoaPods installation.\" >&2\n    exit 1\nfi\n";
			showEnvVarsInLog = 0;
		};
		24460D24146D1B9B893469AF /* [CP] Embed Pods Frameworks */ = {
			isa = PBXShellScriptBuildPhase;
			buildActionMask = 2147483647;
			files = (
			);
			inputPaths = (
			);
			name = "[CP] Embed Pods Frameworks";
			outputPaths = (
			);
			runOnlyForDeploymentPostprocessing = 0;
			shellPath = /bin/sh;
			shellScript = "\"${SRCROOT}/Pods/Target Support Files/Pods-SocialTravellers/Pods-SocialTravellers-frameworks.sh\"\n";
			showEnvVarsInLog = 0;
		};
		589DCD17186BD92A79036AE4 /* [CP] Copy Pods Resources */ = {
			isa = PBXShellScriptBuildPhase;
			buildActionMask = 2147483647;
			files = (
			);
			inputPaths = (
			);
			name = "[CP] Copy Pods Resources";
			outputPaths = (
			);
			runOnlyForDeploymentPostprocessing = 0;
			shellPath = /bin/sh;
			shellScript = "\"${SRCROOT}/Pods/Target Support Files/Pods-SocialTravellers/Pods-SocialTravellers-resources.sh\"\n";
			showEnvVarsInLog = 0;
		};
/* End PBXShellScriptBuildPhase section */

/* Begin PBXSourcesBuildPhase section */
		0E316C421EA5C7DC0030D8DE /* Sources */ = {
			isa = PBXSourcesBuildPhase;
			buildActionMask = 2147483647;
			files = (
				138F9F981EBFFEB2002DD4E6 /* ScoreboardViewController.swift in Sources */,
				0E3442F41EBDAE040002E073 /* Trophy.swift in Sources */,
				51607DD01EBECF07005D0909 /* MapAnnotation.swift in Sources */,
				139AA3E91EB483AA009A42E5 /* UserProfileViewController.swift in Sources */,
				518037A41EC44D55003FB9A0 /* TrophyCollectionViewCell.swift in Sources */,
				1363A75D1EC798EF00B7E35C /* NavigationMenuViewController.swift in Sources */,
				51607DCE1EBE997E005D0909 /* TrophyUnlockedViewController.swift in Sources */,
				518037A21EC449C9003FB9A0 /* UserTrophiesViewController.swift in Sources */,
				51607DC91EBE7D76005D0909 /* TrophiesMapViewController.swift in Sources */,
				0EBC89591EB14F6000B443A1 /* Constants.swift in Sources */,
				139AA3D91EB44ACB009A42E5 /* EventCell.swift in Sources */,
				0EBC89561EB14CC500B443A1 /* Event.swift in Sources */,
				139AA3E71EB47EA4009A42E5 /* UserCell.swift in Sources */,
				139AA3DD1EB47446009A42E5 /* EventDetailHeader.swift in Sources */,
				138F9F9A1EBFFF8C002DD4E6 /* User1Cell.swift in Sources */,
				0E316C4A1EA5C7DC0030D8DE /* AppDelegate.swift in Sources */,
				1363A75B1EC798DA00B7E35C /* HostViewController.swift in Sources */,
				51607D581EB2891A005D0909 /* LoginViewController.swift in Sources */,
				138F9F961EBFF7F7002DD4E6 /* MenuCell.swift in Sources */,
				51607DCC1EBE9402005D0909 /* CameraViewController.swift in Sources */,
				13A182E91EC1B19700BFBF4C /* RankTable.swift in Sources */,
				0EBC89541EB14BDF00B443A1 /* User.swift in Sources */,
			);
			runOnlyForDeploymentPostprocessing = 0;
		};
/* End PBXSourcesBuildPhase section */

/* Begin PBXVariantGroup section */
		0E316C4D1EA5C7DC0030D8DE /* Main.storyboard */ = {
			isa = PBXVariantGroup;
			children = (
				0E316C4E1EA5C7DC0030D8DE /* Base */,
			);
			name = Main.storyboard;
			sourceTree = "<group>";
		};
		0E316C521EA5C7DC0030D8DE /* LaunchScreen.storyboard */ = {
			isa = PBXVariantGroup;
			children = (
				0E316C531EA5C7DC0030D8DE /* Base */,
			);
			name = LaunchScreen.storyboard;
			sourceTree = "<group>";
		};
/* End PBXVariantGroup section */

/* Begin XCBuildConfiguration section */
		0E316C561EA5C7DC0030D8DE /* Debug */ = {
			isa = XCBuildConfiguration;
			buildSettings = {
				ALWAYS_SEARCH_USER_PATHS = NO;
				CLANG_ANALYZER_NONNULL = YES;
				CLANG_ANALYZER_NUMBER_OBJECT_CONVERSION = YES_AGGRESSIVE;
				CLANG_CXX_LANGUAGE_STANDARD = "gnu++0x";
				CLANG_CXX_LIBRARY = "libc++";
				CLANG_ENABLE_MODULES = YES;
				CLANG_ENABLE_OBJC_ARC = YES;
				CLANG_WARN_BOOL_CONVERSION = YES;
				CLANG_WARN_CONSTANT_CONVERSION = YES;
				CLANG_WARN_DIRECT_OBJC_ISA_USAGE = YES_ERROR;
				CLANG_WARN_DOCUMENTATION_COMMENTS = YES;
				CLANG_WARN_EMPTY_BODY = YES;
				CLANG_WARN_ENUM_CONVERSION = YES;
				CLANG_WARN_INFINITE_RECURSION = YES;
				CLANG_WARN_INT_CONVERSION = YES;
				CLANG_WARN_OBJC_ROOT_CLASS = YES_ERROR;
				CLANG_WARN_SUSPICIOUS_MOVE = YES;
				CLANG_WARN_UNREACHABLE_CODE = YES;
				CLANG_WARN__DUPLICATE_METHOD_MATCH = YES;
				"CODE_SIGN_IDENTITY[sdk=iphoneos*]" = "iPhone Developer";
				COPY_PHASE_STRIP = NO;
				DEBUG_INFORMATION_FORMAT = dwarf;
				ENABLE_STRICT_OBJC_MSGSEND = YES;
				ENABLE_TESTABILITY = YES;
				GCC_C_LANGUAGE_STANDARD = gnu99;
				GCC_DYNAMIC_NO_PIC = NO;
				GCC_NO_COMMON_BLOCKS = YES;
				GCC_OPTIMIZATION_LEVEL = 0;
				GCC_PREPROCESSOR_DEFINITIONS = (
					"DEBUG=1",
					"$(inherited)",
				);
				GCC_WARN_64_TO_32_BIT_CONVERSION = YES;
				GCC_WARN_ABOUT_RETURN_TYPE = YES_ERROR;
				GCC_WARN_UNDECLARED_SELECTOR = YES;
				GCC_WARN_UNINITIALIZED_AUTOS = YES_AGGRESSIVE;
				GCC_WARN_UNUSED_FUNCTION = YES;
				GCC_WARN_UNUSED_VARIABLE = YES;
				IPHONEOS_DEPLOYMENT_TARGET = 10.3;
				MTL_ENABLE_DEBUG_INFO = YES;
				ONLY_ACTIVE_ARCH = YES;
				SDKROOT = iphoneos;
				SWIFT_ACTIVE_COMPILATION_CONDITIONS = DEBUG;
				SWIFT_OPTIMIZATION_LEVEL = "-Onone";
				TARGETED_DEVICE_FAMILY = "1,2";
			};
			name = Debug;
		};
		0E316C571EA5C7DC0030D8DE /* Release */ = {
			isa = XCBuildConfiguration;
			buildSettings = {
				ALWAYS_SEARCH_USER_PATHS = NO;
				CLANG_ANALYZER_NONNULL = YES;
				CLANG_ANALYZER_NUMBER_OBJECT_CONVERSION = YES_AGGRESSIVE;
				CLANG_CXX_LANGUAGE_STANDARD = "gnu++0x";
				CLANG_CXX_LIBRARY = "libc++";
				CLANG_ENABLE_MODULES = YES;
				CLANG_ENABLE_OBJC_ARC = YES;
				CLANG_WARN_BOOL_CONVERSION = YES;
				CLANG_WARN_CONSTANT_CONVERSION = YES;
				CLANG_WARN_DIRECT_OBJC_ISA_USAGE = YES_ERROR;
				CLANG_WARN_DOCUMENTATION_COMMENTS = YES;
				CLANG_WARN_EMPTY_BODY = YES;
				CLANG_WARN_ENUM_CONVERSION = YES;
				CLANG_WARN_INFINITE_RECURSION = YES;
				CLANG_WARN_INT_CONVERSION = YES;
				CLANG_WARN_OBJC_ROOT_CLASS = YES_ERROR;
				CLANG_WARN_SUSPICIOUS_MOVE = YES;
				CLANG_WARN_UNREACHABLE_CODE = YES;
				CLANG_WARN__DUPLICATE_METHOD_MATCH = YES;
				"CODE_SIGN_IDENTITY[sdk=iphoneos*]" = "iPhone Developer";
				COPY_PHASE_STRIP = NO;
				DEBUG_INFORMATION_FORMAT = "dwarf-with-dsym";
				ENABLE_NS_ASSERTIONS = NO;
				ENABLE_STRICT_OBJC_MSGSEND = YES;
				GCC_C_LANGUAGE_STANDARD = gnu99;
				GCC_NO_COMMON_BLOCKS = YES;
				GCC_WARN_64_TO_32_BIT_CONVERSION = YES;
				GCC_WARN_ABOUT_RETURN_TYPE = YES_ERROR;
				GCC_WARN_UNDECLARED_SELECTOR = YES;
				GCC_WARN_UNINITIALIZED_AUTOS = YES_AGGRESSIVE;
				GCC_WARN_UNUSED_FUNCTION = YES;
				GCC_WARN_UNUSED_VARIABLE = YES;
				IPHONEOS_DEPLOYMENT_TARGET = 10.3;
				MTL_ENABLE_DEBUG_INFO = NO;
				SDKROOT = iphoneos;
				SWIFT_OPTIMIZATION_LEVEL = "-Owholemodule";
				TARGETED_DEVICE_FAMILY = "1,2";
				VALIDATE_PRODUCT = YES;
			};
			name = Release;
		};
		0E316C591EA5C7DC0030D8DE /* Debug */ = {
			isa = XCBuildConfiguration;
			baseConfigurationReference = 277846345235161371D062B2 /* Pods-SocialTravellers.debug.xcconfig */;
			buildSettings = {
				ASSETCATALOG_COMPILER_APPICON_NAME = AppIcon;
				"CODE_SIGN_IDENTITY[sdk=iphoneos*]" = "iPhone Developer";
				DEVELOPMENT_TEAM = 7QBT6FUF69;
				DEVELOPMENT_TEAM = S2LHGGTQ8D;
				INFOPLIST_FILE = SocialTravellers/Info.plist;
				IPHONEOS_DEPLOYMENT_TARGET = 10.0;
				LD_RUNPATH_SEARCH_PATHS = "$(inherited) @executable_path/Frameworks";
				PRODUCT_BUNDLE_IDENTIFIER = com.trophyHunters1;
				PRODUCT_NAME = "$(TARGET_NAME)";
				PROVISIONING_PROFILE_SPECIFIER = "";
				SWIFT_VERSION = 3.0;
			};
			name = Debug;
		};
		0E316C5A1EA5C7DC0030D8DE /* Release */ = {
			isa = XCBuildConfiguration;
			baseConfigurationReference = 8833248D5C159AF5E8542791 /* Pods-SocialTravellers.release.xcconfig */;
			buildSettings = {
				ASSETCATALOG_COMPILER_APPICON_NAME = AppIcon;
				"CODE_SIGN_IDENTITY[sdk=iphoneos*]" = "iPhone Developer";
				DEVELOPMENT_TEAM = 7QBT6FUF69;
				DEVELOPMENT_TEAM = S2LHGGTQ8D;
				INFOPLIST_FILE = SocialTravellers/Info.plist;
				IPHONEOS_DEPLOYMENT_TARGET = 10.0;
				LD_RUNPATH_SEARCH_PATHS = "$(inherited) @executable_path/Frameworks";
				PRODUCT_BUNDLE_IDENTIFIER = com.trophyHunters1;
				PRODUCT_NAME = "$(TARGET_NAME)";
				PROVISIONING_PROFILE_SPECIFIER = "";
				SWIFT_VERSION = 3.0;
			};
			name = Release;
		};
/* End XCBuildConfiguration section */

/* Begin XCConfigurationList section */
		0E316C411EA5C7DC0030D8DE /* Build configuration list for PBXProject "SocialTravellers" */ = {
			isa = XCConfigurationList;
			buildConfigurations = (
				0E316C561EA5C7DC0030D8DE /* Debug */,
				0E316C571EA5C7DC0030D8DE /* Release */,
			);
			defaultConfigurationIsVisible = 0;
			defaultConfigurationName = Release;
		};
		0E316C581EA5C7DC0030D8DE /* Build configuration list for PBXNativeTarget "SocialTravellers" */ = {
			isa = XCConfigurationList;
			buildConfigurations = (
				0E316C591EA5C7DC0030D8DE /* Debug */,
				0E316C5A1EA5C7DC0030D8DE /* Release */,
			);
			defaultConfigurationIsVisible = 0;
			defaultConfigurationName = Release;
		};
/* End XCConfigurationList section */
	};
	rootObject = 0E316C3E1EA5C7DC0030D8DE /* Project object */;
}
